// !$*UTF8*$!
{
	archiveVersion = 1;
	classes = {
	};
	objectVersion = 50;
	objects = {

/* Begin PBXBuildFile section */
		5ED4770E244140DC007BE5E2 /* AppDelegate.swift in Sources */ = {isa = PBXBuildFile; fileRef = 5ED4770D244140DC007BE5E2 /* AppDelegate.swift */; };
		5ED47717244140DD007BE5E2 /* Assets.xcassets in Resources */ = {isa = PBXBuildFile; fileRef = 5ED47716244140DD007BE5E2 /* Assets.xcassets */; };
		5ED4771A244140DD007BE5E2 /* LaunchScreen.storyboard in Resources */ = {isa = PBXBuildFile; fileRef = 5ED47718244140DD007BE5E2 /* LaunchScreen.storyboard */; };
		5ED47725244140DE007BE5E2 /* Khrysalis_Product_NameTests.swift in Sources */ = {isa = PBXBuildFile; fileRef = 5ED47724244140DE007BE5E2 /* Khrysalis_Product_NameTests.swift */; };
		5ED47730244140DE007BE5E2 /* Khrysalis_Product_NameUITests.swift in Sources */ = {isa = PBXBuildFile; fileRef = 5ED4772F244140DE007BE5E2 /* Khrysalis_Product_NameUITests.swift */; };
/* End PBXBuildFile section */

/* Begin PBXContainerItemProxy section */
		5ED47721244140DE007BE5E2 /* PBXContainerItemProxy */ = {
			isa = PBXContainerItemProxy;
			containerPortal = 5ED47702244140DC007BE5E2 /* Project object */;
			proxyType = 1;
			remoteGlobalIDString = 5ED47709244140DC007BE5E2 /* Khrysalis Product Name */;
			remoteInfo = "Khrysalis Product Name";
		};
		5ED4772C244140DE007BE5E2 /* PBXContainerItemProxy */ = {
			isa = PBXContainerItemProxy;
			containerPortal = 5ED47702244140DC007BE5E2 /* Project object */;
			proxyType = 1;
			remoteGlobalIDString = 5ED47709244140DC007BE5E2 /* Khrysalis Product Name */;
			remoteInfo = "Khrysalis Product Name";
		};
/* End PBXContainerItemProxy section */

/* Begin PBXFileReference section */
		5ED4770A244140DC007BE5E2 /* Khrysalis Product Name.app */ = {isa = PBXFileReference; explicitFileType = wrapper.application; includeInIndex = 0; path = "Khrysalis Product Name.app"; sourceTree = BUILT_PRODUCTS_DIR; };
		5ED4770D244140DC007BE5E2 /* AppDelegate.swift */ = {isa = PBXFileReference; lastKnownFileType = sourcecode.swift; path = AppDelegate.swift; sourceTree = "<group>"; };
		5ED47716244140DD007BE5E2 /* Assets.xcassets */ = {isa = PBXFileReference; lastKnownFileType = folder.assetcatalog; path = Assets.xcassets; sourceTree = "<group>"; };
		5ED47719244140DD007BE5E2 /* Base */ = {isa = PBXFileReference; lastKnownFileType = file.storyboard; name = Base; path = Base.lproj/LaunchScreen.storyboard; sourceTree = "<group>"; };
		5ED4771B244140DD007BE5E2 /* Info.plist */ = {isa = PBXFileReference; lastKnownFileType = text.plist.xml; path = Info.plist; sourceTree = "<group>"; };
		5ED47720244140DE007BE5E2 /* Khrysalis Product NameTests.xctest */ = {isa = PBXFileReference; explicitFileType = wrapper.cfbundle; includeInIndex = 0; path = "Khrysalis Product NameTests.xctest"; sourceTree = BUILT_PRODUCTS_DIR; };
		5ED47724244140DE007BE5E2 /* Khrysalis_Product_NameTests.swift */ = {isa = PBXFileReference; lastKnownFileType = sourcecode.swift; path = Khrysalis_Product_NameTests.swift; sourceTree = "<group>"; };
		5ED47726244140DE007BE5E2 /* Info.plist */ = {isa = PBXFileReference; lastKnownFileType = text.plist.xml; path = Info.plist; sourceTree = "<group>"; };
		5ED4772B244140DE007BE5E2 /* Khrysalis Product NameUITests.xctest */ = {isa = PBXFileReference; explicitFileType = wrapper.cfbundle; includeInIndex = 0; path = "Khrysalis Product NameUITests.xctest"; sourceTree = BUILT_PRODUCTS_DIR; };
		5ED4772F244140DE007BE5E2 /* Khrysalis_Product_NameUITests.swift */ = {isa = PBXFileReference; lastKnownFileType = sourcecode.swift; path = Khrysalis_Product_NameUITests.swift; sourceTree = "<group>"; };
		5ED47731244140DE007BE5E2 /* Info.plist */ = {isa = PBXFileReference; lastKnownFileType = text.plist.xml; path = Info.plist; sourceTree = "<group>"; };
/* End PBXFileReference section */

/* Begin PBXFrameworksBuildPhase section */
		5ED47707244140DC007BE5E2 /* Frameworks */ = {
			isa = PBXFrameworksBuildPhase;
			buildActionMask = 2147483647;
			files = (
			);
			runOnlyForDeploymentPostprocessing = 0;
		};
		5ED4771D244140DE007BE5E2 /* Frameworks */ = {
			isa = PBXFrameworksBuildPhase;
			buildActionMask = 2147483647;
			files = (
			);
			runOnlyForDeploymentPostprocessing = 0;
		};
		5ED47728244140DE007BE5E2 /* Frameworks */ = {
			isa = PBXFrameworksBuildPhase;
			buildActionMask = 2147483647;
			files = (
			);
			runOnlyForDeploymentPostprocessing = 0;
		};
/* End PBXFrameworksBuildPhase section */

/* Begin PBXGroup section */
		5ED47701244140DC007BE5E2 = {
			isa = PBXGroup;
			children = (
				5ED4770C244140DC007BE5E2 /* Khrysalis Product Name */,
				5ED47723244140DE007BE5E2 /* Khrysalis Product NameTests */,
				5ED4772E244140DE007BE5E2 /* Khrysalis Product NameUITests */,
				5ED4770B244140DC007BE5E2 /* Products */,
			);
			sourceTree = "<group>";
		};
		5ED4770B244140DC007BE5E2 /* Products */ = {
			isa = PBXGroup;
			children = (
				5ED4770A244140DC007BE5E2 /* Khrysalis Product Name.app */,
				5ED47720244140DE007BE5E2 /* Khrysalis Product NameTests.xctest */,
				5ED4772B244140DE007BE5E2 /* Khrysalis Product NameUITests.xctest */,
			);
			name = Products;
			sourceTree = "<group>";
		};
		5ED4770C244140DC007BE5E2 /* Khrysalis Product Name */ = {
			isa = PBXGroup;
			children = (
				5ED4770D244140DC007BE5E2 /* AppDelegate.swift */,
				5ED47716244140DD007BE5E2 /* Assets.xcassets */,
				5ED47718244140DD007BE5E2 /* LaunchScreen.storyboard */,
				5ED4771B244140DD007BE5E2 /* Info.plist */,
			);
			path = "Khrysalis Product Name";
			sourceTree = "<group>";
		};
		5ED47723244140DE007BE5E2 /* Khrysalis Product NameTests */ = {
			isa = PBXGroup;
			children = (
				5ED47724244140DE007BE5E2 /* Khrysalis_Product_NameTests.swift */,
				5ED47726244140DE007BE5E2 /* Info.plist */,
			);
			path = "Khrysalis Product NameTests";
			sourceTree = "<group>";
		};
		5ED4772E244140DE007BE5E2 /* Khrysalis Product NameUITests */ = {
			isa = PBXGroup;
			children = (
				5ED4772F244140DE007BE5E2 /* Khrysalis_Product_NameUITests.swift */,
				5ED47731244140DE007BE5E2 /* Info.plist */,
			);
			path = "Khrysalis Product NameUITests";
			sourceTree = "<group>";
		};
/* End PBXGroup section */

/* Begin PBXNativeTarget section */
		5ED47709244140DC007BE5E2 /* Khrysalis Product Name */ = {
			isa = PBXNativeTarget;
			buildConfigurationList = 5ED47734244140DE007BE5E2 /* Build configuration list for PBXNativeTarget "Khrysalis Product Name" */;
			buildPhases = (
				5ED47706244140DC007BE5E2 /* Sources */,
				5ED47707244140DC007BE5E2 /* Frameworks */,
				5ED47708244140DC007BE5E2 /* Resources */,
			);
			buildRules = (
			);
			dependencies = (
			);
			name = "Khrysalis Product Name";
			productName = "Khrysalis Product Name";
			productReference = 5ED4770A244140DC007BE5E2 /* Khrysalis Product Name.app */;
			productType = "com.apple.product-type.application";
		};
		5ED4771F244140DE007BE5E2 /* Khrysalis Product NameTests */ = {
			isa = PBXNativeTarget;
			buildConfigurationList = 5ED47737244140DE007BE5E2 /* Build configuration list for PBXNativeTarget "Khrysalis Product NameTests" */;
			buildPhases = (
				5ED4771C244140DE007BE5E2 /* Sources */,
				5ED4771D244140DE007BE5E2 /* Frameworks */,
				5ED4771E244140DE007BE5E2 /* Resources */,
			);
			buildRules = (
			);
			dependencies = (
				5ED47722244140DE007BE5E2 /* PBXTargetDependency */,
			);
			name = "Khrysalis Product NameTests";
			productName = "Khrysalis Product NameTests";
			productReference = 5ED47720244140DE007BE5E2 /* Khrysalis Product NameTests.xctest */;
			productType = "com.apple.product-type.bundle.unit-test";
		};
		5ED4772A244140DE007BE5E2 /* Khrysalis Product NameUITests */ = {
			isa = PBXNativeTarget;
			buildConfigurationList = 5ED4773A244140DE007BE5E2 /* Build configuration list for PBXNativeTarget "Khrysalis Product NameUITests" */;
			buildPhases = (
				5ED47727244140DE007BE5E2 /* Sources */,
				5ED47728244140DE007BE5E2 /* Frameworks */,
				5ED47729244140DE007BE5E2 /* Resources */,
			);
			buildRules = (
			);
			dependencies = (
				5ED4772D244140DE007BE5E2 /* PBXTargetDependency */,
			);
			name = "Khrysalis Product NameUITests";
			productName = "Khrysalis Product NameUITests";
			productReference = 5ED4772B244140DE007BE5E2 /* Khrysalis Product NameUITests.xctest */;
			productType = "com.apple.product-type.bundle.ui-testing";
		};
/* End PBXNativeTarget section */

/* Begin PBXProject section */
		5ED47702244140DC007BE5E2 /* Project object */ = {
			isa = PBXProject;
			attributes = {
				LastSwiftUpdateCheck = 1130;
				LastUpgradeCheck = 1130;
				ORGANIZATIONNAME = "Khrysalis Organization Name";
				TargetAttributes = {
					5ED47709244140DC007BE5E2 = {
						CreatedOnToolsVersion = 11.3.1;
					};
					5ED4771F244140DE007BE5E2 = {
						CreatedOnToolsVersion = 11.3.1;
						TestTargetID = 5ED47709244140DC007BE5E2;
					};
					5ED4772A244140DE007BE5E2 = {
						CreatedOnToolsVersion = 11.3.1;
						TestTargetID = 5ED47709244140DC007BE5E2;
					};
				};
			};
			buildConfigurationList = 5ED47705244140DC007BE5E2 /* Build configuration list for PBXProject "Khrysalis Product Name" */;
			compatibilityVersion = "Xcode 9.3";
			developmentRegion = en;
			hasScannedForEncodings = 0;
			knownRegions = (
				en,
				Base,
			);
			mainGroup = 5ED47701244140DC007BE5E2;
			productRefGroup = 5ED4770B244140DC007BE5E2 /* Products */;
			projectDirPath = "";
			projectRoot = "";
			targets = (
				5ED47709244140DC007BE5E2 /* Khrysalis Product Name */,
				5ED4771F244140DE007BE5E2 /* Khrysalis Product NameTests */,
				5ED4772A244140DE007BE5E2 /* Khrysalis Product NameUITests */,
			);
		};
/* End PBXProject section */

/* Begin PBXResourcesBuildPhase section */
		5ED47708244140DC007BE5E2 /* Resources */ = {
			isa = PBXResourcesBuildPhase;
			buildActionMask = 2147483647;
			files = (
				5ED4771A244140DD007BE5E2 /* LaunchScreen.storyboard in Resources */,
				5ED47717244140DD007BE5E2 /* Assets.xcassets in Resources */,
			);
			runOnlyForDeploymentPostprocessing = 0;
		};
		5ED4771E244140DE007BE5E2 /* Resources */ = {
			isa = PBXResourcesBuildPhase;
			buildActionMask = 2147483647;
			files = (
			);
			runOnlyForDeploymentPostprocessing = 0;
		};
		5ED47729244140DE007BE5E2 /* Resources */ = {
			isa = PBXResourcesBuildPhase;
			buildActionMask = 2147483647;
			files = (
			);
			runOnlyForDeploymentPostprocessing = 0;
		};
/* End PBXResourcesBuildPhase section */

/* Begin PBXSourcesBuildPhase section */
		5ED47706244140DC007BE5E2 /* Sources */ = {
			isa = PBXSourcesBuildPhase;
			buildActionMask = 2147483647;
			files = (
				5ED4770E244140DC007BE5E2 /* AppDelegate.swift in Sources */,
			);
			runOnlyForDeploymentPostprocessing = 0;
		};
		5ED4771C244140DE007BE5E2 /* Sources */ = {
			isa = PBXSourcesBuildPhase;
			buildActionMask = 2147483647;
			files = (
				5ED47725244140DE007BE5E2 /* Khrysalis_Product_NameTests.swift in Sources */,
			);
			runOnlyForDeploymentPostprocessing = 0;
		};
		5ED47727244140DE007BE5E2 /* Sources */ = {
			isa = PBXSourcesBuildPhase;
			buildActionMask = 2147483647;
			files = (
				5ED47730244140DE007BE5E2 /* Khrysalis_Product_NameUITests.swift in Sources */,
			);
			runOnlyForDeploymentPostprocessing = 0;
		};
/* End PBXSourcesBuildPhase section */

/* Begin PBXTargetDependency section */
		5ED47722244140DE007BE5E2 /* PBXTargetDependency */ = {
			isa = PBXTargetDependency;
			target = 5ED47709244140DC007BE5E2 /* Khrysalis Product Name */;
			targetProxy = 5ED47721244140DE007BE5E2 /* PBXContainerItemProxy */;
		};
		5ED4772D244140DE007BE5E2 /* PBXTargetDependency */ = {
			isa = PBXTargetDependency;
			target = 5ED47709244140DC007BE5E2 /* Khrysalis Product Name */;
			targetProxy = 5ED4772C244140DE007BE5E2 /* PBXContainerItemProxy */;
		};
/* End PBXTargetDependency section */

/* Begin PBXVariantGroup section */
		5ED47718244140DD007BE5E2 /* LaunchScreen.storyboard */ = {
			isa = PBXVariantGroup;
			children = (
				5ED47719244140DD007BE5E2 /* Base */,
			);
			name = LaunchScreen.storyboard;
			sourceTree = "<group>";
		};
/* End PBXVariantGroup section */

/* Begin XCBuildConfiguration section */
		5ED47732244140DE007BE5E2 /* Debug */ = {
			isa = XCBuildConfiguration;
			buildSettings = {
				ALWAYS_SEARCH_USER_PATHS = NO;
				CLANG_ANALYZER_NONNULL = YES;
				CLANG_ANALYZER_NUMBER_OBJECT_CONVERSION = YES_AGGRESSIVE;
				CLANG_CXX_LANGUAGE_STANDARD = "gnu++14";
				CLANG_CXX_LIBRARY = "libc++";
				CLANG_ENABLE_MODULES = YES;
				CLANG_ENABLE_OBJC_ARC = YES;
				CLANG_ENABLE_OBJC_WEAK = YES;
				CLANG_WARN_BLOCK_CAPTURE_AUTORELEASING = YES;
				CLANG_WARN_BOOL_CONVERSION = YES;
				CLANG_WARN_COMMA = YES;
				CLANG_WARN_CONSTANT_CONVERSION = YES;
				CLANG_WARN_DEPRECATED_OBJC_IMPLEMENTATIONS = YES;
				CLANG_WARN_DIRECT_OBJC_ISA_USAGE = YES_ERROR;
				CLANG_WARN_DOCUMENTATION_COMMENTS = YES;
				CLANG_WARN_EMPTY_BODY = YES;
				CLANG_WARN_ENUM_CONVERSION = YES;
				CLANG_WARN_INFINITE_RECURSION = YES;
				CLANG_WARN_INT_CONVERSION = YES;
				CLANG_WARN_NON_LITERAL_NULL_CONVERSION = YES;
				CLANG_WARN_OBJC_IMPLICIT_RETAIN_SELF = YES;
				CLANG_WARN_OBJC_LITERAL_CONVERSION = YES;
				CLANG_WARN_OBJC_ROOT_CLASS = YES_ERROR;
				CLANG_WARN_RANGE_LOOP_ANALYSIS = YES;
				CLANG_WARN_STRICT_PROTOTYPES = YES;
				CLANG_WARN_SUSPICIOUS_MOVE = YES;
				CLANG_WARN_UNGUARDED_AVAILABILITY = YES_AGGRESSIVE;
				CLANG_WARN_UNREACHABLE_CODE = YES;
				CLANG_WARN__DUPLICATE_METHOD_MATCH = YES;
				COPY_PHASE_STRIP = NO;
				DEBUG_INFORMATION_FORMAT = dwarf;
				ENABLE_STRICT_OBJC_MSGSEND = YES;
				ENABLE_TESTABILITY = YES;
				GCC_C_LANGUAGE_STANDARD = gnu11;
				GCC_DYNAMIC_NO_PIC = NO;
				GCC_NO_COMMON_BLOCKS = YES;
				GCC_OPTIMIZATION_LEVEL = 0;
				GCC_PREPROCESSOR_DEFINITIONS = (
					"DEBUG=1",
					"$(inherited)",
				);
				GCC_WARN_64_TO_32_BIT_CONVERSION = YES;
				GCC_WARN_ABOUT_RETURN_TYPE = YES_ERROR;
				GCC_WARN_UNDECLARED_SELECTOR = YES;
				GCC_WARN_UNINITIALIZED_AUTOS = YES_AGGRESSIVE;
				GCC_WARN_UNUSED_FUNCTION = YES;
				GCC_WARN_UNUSED_VARIABLE = YES;
				IPHONEOS_DEPLOYMENT_TARGET = 13.2;
				MTL_ENABLE_DEBUG_INFO = INCLUDE_SOURCE;
				MTL_FAST_MATH = YES;
				ONLY_ACTIVE_ARCH = YES;
				SDKROOT = iphoneos;
				SWIFT_ACTIVE_COMPILATION_CONDITIONS = DEBUG;
				SWIFT_OPTIMIZATION_LEVEL = "-Onone";
			};
			name = Debug;
		};
		5ED47733244140DE007BE5E2 /* Release */ = {
			isa = XCBuildConfiguration;
			buildSettings = {
				ALWAYS_SEARCH_USER_PATHS = NO;
				CLANG_ANALYZER_NONNULL = YES;
				CLANG_ANALYZER_NUMBER_OBJECT_CONVERSION = YES_AGGRESSIVE;
				CLANG_CXX_LANGUAGE_STANDARD = "gnu++14";
				CLANG_CXX_LIBRARY = "libc++";
				CLANG_ENABLE_MODULES = YES;
				CLANG_ENABLE_OBJC_ARC = YES;
				CLANG_ENABLE_OBJC_WEAK = YES;
				CLANG_WARN_BLOCK_CAPTURE_AUTORELEASING = YES;
				CLANG_WARN_BOOL_CONVERSION = YES;
				CLANG_WARN_COMMA = YES;
				CLANG_WARN_CONSTANT_CONVERSION = YES;
				CLANG_WARN_DEPRECATED_OBJC_IMPLEMENTATIONS = YES;
				CLANG_WARN_DIRECT_OBJC_ISA_USAGE = YES_ERROR;
				CLANG_WARN_DOCUMENTATION_COMMENTS = YES;
				CLANG_WARN_EMPTY_BODY = YES;
				CLANG_WARN_ENUM_CONVERSION = YES;
				CLANG_WARN_INFINITE_RECURSION = YES;
				CLANG_WARN_INT_CONVERSION = YES;
				CLANG_WARN_NON_LITERAL_NULL_CONVERSION = YES;
				CLANG_WARN_OBJC_IMPLICIT_RETAIN_SELF = YES;
				CLANG_WARN_OBJC_LITERAL_CONVERSION = YES;
				CLANG_WARN_OBJC_ROOT_CLASS = YES_ERROR;
				CLANG_WARN_RANGE_LOOP_ANALYSIS = YES;
				CLANG_WARN_STRICT_PROTOTYPES = YES;
				CLANG_WARN_SUSPICIOUS_MOVE = YES;
				CLANG_WARN_UNGUARDED_AVAILABILITY = YES_AGGRESSIVE;
				CLANG_WARN_UNREACHABLE_CODE = YES;
				CLANG_WARN__DUPLICATE_METHOD_MATCH = YES;
				COPY_PHASE_STRIP = NO;
				DEBUG_INFORMATION_FORMAT = "dwarf-with-dsym";
				ENABLE_NS_ASSERTIONS = NO;
				ENABLE_STRICT_OBJC_MSGSEND = YES;
				GCC_C_LANGUAGE_STANDARD = gnu11;
				GCC_NO_COMMON_BLOCKS = YES;
				GCC_WARN_64_TO_32_BIT_CONVERSION = YES;
				GCC_WARN_ABOUT_RETURN_TYPE = YES_ERROR;
				GCC_WARN_UNDECLARED_SELECTOR = YES;
				GCC_WARN_UNINITIALIZED_AUTOS = YES_AGGRESSIVE;
				GCC_WARN_UNUSED_FUNCTION = YES;
				GCC_WARN_UNUSED_VARIABLE = YES;
				IPHONEOS_DEPLOYMENT_TARGET = 13.2;
				MTL_ENABLE_DEBUG_INFO = NO;
				MTL_FAST_MATH = YES;
				SDKROOT = iphoneos;
				SWIFT_COMPILATION_MODE = wholemodule;
				SWIFT_OPTIMIZATION_LEVEL = "-O";
				VALIDATE_PRODUCT = YES;
			};
			name = Release;
		};
		5ED47735244140DE007BE5E2 /* Debug */ = {
			isa = XCBuildConfiguration;
			buildSettings = {
				ASSETCATALOG_COMPILER_APPICON_NAME = AppIcon;
				CODE_SIGN_STYLE = Automatic;
				INFOPLIST_FILE = "Khrysalis Product Name/Info.plist";
				LD_RUNPATH_SEARCH_PATHS = (
					"$(inherited)",
					"@executable_path/Frameworks",
				);
				PRODUCT_BUNDLE_IDENTIFIER = "khrysalisorganizationidentifier.Khrysalis-Product-Name";
				PRODUCT_NAME = "$(TARGET_NAME)";
				SWIFT_VERSION = 5.0;
				TARGETED_DEVICE_FAMILY = "1,2";
			};
			name = Debug;
		};
		5ED47736244140DE007BE5E2 /* Release */ = {
			isa = XCBuildConfiguration;
			buildSettings = {
				ASSETCATALOG_COMPILER_APPICON_NAME = AppIcon;
				CODE_SIGN_STYLE = Automatic;
				INFOPLIST_FILE = "Khrysalis Product Name/Info.plist";
				LD_RUNPATH_SEARCH_PATHS = (
					"$(inherited)",
					"@executable_path/Frameworks",
				);
				PRODUCT_BUNDLE_IDENTIFIER = "khrysalisorganizationidentifier.Khrysalis-Product-Name";
				PRODUCT_NAME = "$(TARGET_NAME)";
				SWIFT_VERSION = 5.0;
				TARGETED_DEVICE_FAMILY = "1,2";
			};
			name = Release;
		};
		5ED47738244140DE007BE5E2 /* Debug */ = {
			isa = XCBuildConfiguration;
			buildSettings = {
				ALWAYS_EMBED_SWIFT_STANDARD_LIBRARIES = YES;
				BUNDLE_LOADER = "$(TEST_HOST)";
				CODE_SIGN_STYLE = Automatic;
				INFOPLIST_FILE = "Khrysalis Product NameTests/Info.plist";
				IPHONEOS_DEPLOYMENT_TARGET = 13.2;
				LD_RUNPATH_SEARCH_PATHS = (
					"$(inherited)",
					"@executable_path/Frameworks",
					"@loader_path/Frameworks",
				);
				PRODUCT_BUNDLE_IDENTIFIER = "khrysalisorganizationidentifier.Khrysalis-Product-NameTests";
				PRODUCT_NAME = "$(TARGET_NAME)";
				SWIFT_VERSION = 5.0;
				TARGETED_DEVICE_FAMILY = "1,2";
				TEST_HOST = "$(BUILT_PRODUCTS_DIR)/Khrysalis Product Name.app/Khrysalis Product Name";
			};
			name = Debug;
		};
		5ED47739244140DE007BE5E2 /* Release */ = {
			isa = XCBuildConfiguration;
			buildSettings = {
				ALWAYS_EMBED_SWIFT_STANDARD_LIBRARIES = YES;
				BUNDLE_LOADER = "$(TEST_HOST)";
				CODE_SIGN_STYLE = Automatic;
				INFOPLIST_FILE = "Khrysalis Product NameTests/Info.plist";
				IPHONEOS_DEPLOYMENT_TARGET = 13.2;
				LD_RUNPATH_SEARCH_PATHS = (
					"$(inherited)",
					"@executable_path/Frameworks",
					"@loader_path/Frameworks",
				);
				PRODUCT_BUNDLE_IDENTIFIER = "khrysalisorganizationidentifier.Khrysalis-Product-NameTests";
				PRODUCT_NAME = "$(TARGET_NAME)";
				SWIFT_VERSION = 5.0;
				TARGETED_DEVICE_FAMILY = "1,2";
				TEST_HOST = "$(BUILT_PRODUCTS_DIR)/Khrysalis Product Name.app/Khrysalis Product Name";
			};
			name = Release;
		};
		5ED4773B244140DE007BE5E2 /* Debug */ = {
			isa = XCBuildConfiguration;
			buildSettings = {
				ALWAYS_EMBED_SWIFT_STANDARD_LIBRARIES = YES;
				CODE_SIGN_STYLE = Automatic;
				INFOPLIST_FILE = "Khrysalis Product NameUITests/Info.plist";
				LD_RUNPATH_SEARCH_PATHS = (
					"$(inherited)",
					"@executable_path/Frameworks",
					"@loader_path/Frameworks",
				);
				PRODUCT_BUNDLE_IDENTIFIER = "khrysalisorganizationidentifier.Khrysalis-Product-NameUITests";
				PRODUCT_NAME = "$(TARGET_NAME)";
				SWIFT_VERSION = 5.0;
				TARGETED_DEVICE_FAMILY = "1,2";
				TEST_TARGET_NAME = "Khrysalis Product Name";
			};
			name = Debug;
		};
		5ED4773C244140DE007BE5E2 /* Release */ = {
			isa = XCBuildConfiguration;
			buildSettings = {
				ALWAYS_EMBED_SWIFT_STANDARD_LIBRARIES = YES;
				CODE_SIGN_STYLE = Automatic;
				INFOPLIST_FILE = "Khrysalis Product NameUITests/Info.plist";
				LD_RUNPATH_SEARCH_PATHS = (
					"$(inherited)",
					"@executable_path/Frameworks",
					"@loader_path/Frameworks",
				);
				PRODUCT_BUNDLE_IDENTIFIER = "khrysalisorganizationidentifier.Khrysalis-Product-NameUITests";
				PRODUCT_NAME = "$(TARGET_NAME)";
				SWIFT_VERSION = 5.0;
				TARGETED_DEVICE_FAMILY = "1,2";
				TEST_TARGET_NAME = "Khrysalis Product Name";
			};
			name = Release;
		};
/* End XCBuildConfiguration section */

/* Begin XCConfigurationList section */
		5ED47705244140DC007BE5E2 /* Build configuration list for PBXProject "Khrysalis Product Name" */ = {
			isa = XCConfigurationList;
			buildConfigurations = (
				5ED47732244140DE007BE5E2 /* Debug */,
				5ED47733244140DE007BE5E2 /* Release */,
			);
			defaultConfigurationIsVisible = 0;
			defaultConfigurationName = Release;
		};
		5ED47734244140DE007BE5E2 /* Build configuration list for PBXNativeTarget "Khrysalis Product Name" */ = {
			isa = XCConfigurationList;
			buildConfigurations = (
				5ED47735244140DE007BE5E2 /* Debug */,
				5ED47736244140DE007BE5E2 /* Release */,
			);
			defaultConfigurationIsVisible = 0;
			defaultConfigurationName = Release;
		};
		5ED47737244140DE007BE5E2 /* Build configuration list for PBXNativeTarget "Khrysalis Product NameTests" */ = {
			isa = XCConfigurationList;
			buildConfigurations = (
				5ED47738244140DE007BE5E2 /* Debug */,
				5ED47739244140DE007BE5E2 /* Release */,
			);
			defaultConfigurationIsVisible = 0;
			defaultConfigurationName = Release;
		};
		5ED4773A244140DE007BE5E2 /* Build configuration list for PBXNativeTarget "Khrysalis Product NameUITests" */ = {
			isa = XCConfigurationList;
			buildConfigurations = (
				5ED4773B244140DE007BE5E2 /* Debug */,
				5ED4773C244140DE007BE5E2 /* Release */,
			);
			defaultConfigurationIsVisible = 0;
			defaultConfigurationName = Release;
		};
/* End XCConfigurationList section */
	};
	rootObject = 5ED47702244140DC007BE5E2 /* Project object */;
}
