PODS:
  - Alamofire (4.9.0)
  - AlamofireImage (3.5.2):
    - Alamofire (~> 4.8)
  - Cosmos (19.0.3)
  - DKImagePickerController/Core (4.3.2):
    - DKImagePickerController/ImageDataManager
    - DKImagePickerController/Resource
  - DKImagePickerController/ImageDataManager (4.3.2)
  - DKImagePickerController/Resource (4.3.2)
  - KeychainAccess (3.2.0)
  - RxRelay (5.0.1):
    - RxSwift (~> 5)
  - RxSwift (5.0.1)
  - SearchTextField (1.2.4)
  - Starscream (4.0.3)
  - "UITextView+Placeholder (1.3.1)"

DEPENDENCIES:
  - Alamofire
  - AlamofireImage
  - Cosmos (~> 19.0)
  - DKImagePickerController/Core
  - DKImagePickerController/ImageDataManager
  - DKImagePickerController/Resource
  - KeychainAccess
  - RxRelay
  - RxSwift
  - SearchTextField
  - Starscream
  - "UITextView+Placeholder"

SPEC REPOS:
  trunk:
    - Alamofire
    - AlamofireImage
    - Cosmos
    - DKImagePickerController
    - KeychainAccess
    - RxRelay
    - RxSwift
    - SearchTextField
    - Starscream
    - "UITextView+Placeholder"

SPEC CHECKSUMS:
  Alamofire: afc3e7c6db61476cb45cdd23fed06bad03bbc321
  AlamofireImage: 63cfe3baf1370be6c498149687cf6db3e3b00999
  Cosmos: a6fb17284281fa12cf4c85c2efecd440a215ec44
  DKImagePickerController: b5eb7f7a388e4643264105d648d01f727110fc3d
  KeychainAccess: 3b1bf8a77eb4c6ea1ce9404c292e48f948954c6b
  RxRelay: 89d54507f4fd4d969e6ec1d4bd7f3673640b4640
  RxSwift: e2dc62b366a3adf6a0be44ba9f405efd4c94e0c4
  SearchTextField: 40dc3cc57def5a211f263cac263622c163bbc25a
  Starscream: ef06f0961fff0880bca0604416d61141e4faca67
  "UITextView+Placeholder": f23df8592290d8d06078072ae1a663e11ee07ff4

PODFILE CHECKSUM: 4ad7139a77c89b754073e7d379c76304512f24f7

COCOAPODS: 1.9.1
