{
  "name": "khrysalis-maps",
  "version": "0.1.0",
  "lockfileVersion": 1,
  "requires": true,
  "dependencies": {
    "@types/geojson": {
      "version": "7946.0.7",
      "resolved": "https://registry.npmjs.org/@types/geojson/-/geojson-7946.0.7.tgz",
      "integrity": "sha512-wE2v81i4C4Ol09RtsWFAqg3BUitWbHSpSlIo+bNdsCJijO9sjme+zm+73ZMCa/qMC8UEERxzGbvmr1cffo2SiQ=="
    },
    "@types/leaflet": {
      "version": "1.5.12",
      "resolved": "https://registry.npmjs.org/@types/leaflet/-/leaflet-1.5.12.tgz",
      "integrity": "sha512-61HRMIng+bWvnnAIqUWLBlrd/TQZc4gU+gN1JL4K47EDtwIrcMEhWgi7PdcpbG1YmpH4F0EfOimkvV82gJIl9w==",
      "requires": {
        "@types/geojson": "*"
      }
    },
    "@types/mersenne-twister": {
      "version": "1.1.2",
      "resolved": "https://registry.npmjs.org/@types/mersenne-twister/-/mersenne-twister-1.1.2.tgz",
      "integrity": "sha512-7KMIfSkMpaVExbzJRLUXHMO4hkFWbbspHPREk8I6pBxiNN+3+l6eAEClMCIPIo2KjCkR0rjYfXppr6+wKdTwpA=="
    },
    "@types/sprintf-js": {
      "version": "1.1.2",
      "resolved": "https://registry.npmjs.org/@types/sprintf-js/-/sprintf-js-1.1.2.tgz",
      "integrity": "sha512-hkgzYF+qnIl8uTO8rmUSVSfQ8BIfMXC4yJAF4n8BE758YsKBZvFC4NumnAegj7KmylP0liEZNpb9RRGFMbFejA=="
    },
    "@types/uuid": {
      "version": "8.0.0",
      "resolved": "https://registry.npmjs.org/@types/uuid/-/uuid-8.0.0.tgz",
      "integrity": "sha512-xSQfNcvOiE5f9dyd4Kzxbof1aTrLobL278pGLKOZI6esGfZ7ts9Ka16CzIN6Y8hFHE1C7jIBZokULhK1bOgjRw=="
    },
    "iterable-operator": {
      "version": "0.10.3",
      "resolved": "https://registry.npmjs.org/iterable-operator/-/iterable-operator-0.10.3.tgz",
      "integrity": "sha512-acbiwMfDCLdO/Iw/mLARKitTYwPErikNYifqzPy8f5QGl44WqBg6ZbryiFxPwXC9qwhqEhPXBPIv1IyNZ+PyIQ=="
    },
    "khrysalis": {
      "version": "file:../web",
      "requires": {
        "@types/mersenne-twister": "^1.1.2",
        "@types/sprintf-js": "1.1.2",
        "@types/uuid": "^8.0.0",
        "iterable-operator": "^0.10.3",
        "mersenne-twister": "^1.1.0",
        "rxjs": "^6.5.5",
        "sprintf-js": "^1.1.2",
        "uuid": "^8.1.0"
      },
      "dependencies": {
        "@types/mersenne-twister": {
          "version": "1.1.2",
          "resolved": "https://registry.npmjs.org/@types/mersenne-twister/-/mersenne-twister-1.1.2.tgz",
          "integrity": "sha512-7KMIfSkMpaVExbzJRLUXHMO4hkFWbbspHPREk8I6pBxiNN+3+l6eAEClMCIPIo2KjCkR0rjYfXppr6+wKdTwpA=="
        },
        "@types/moment": {
          "version": "2.13.0",
          "resolved": "https://registry.npmjs.org/@types/moment/-/moment-2.13.0.tgz",
          "integrity": "sha1-YE69GJvDvDShVIaJQE5hoqSqyJY=",
          "requires": {
            "moment": "*"
          }
        },
        "@types/sprintf": {
          "version": "0.1.0",
          "resolved": "https://registry.npmjs.org/@types/sprintf/-/sprintf-0.1.0.tgz",
          "integrity": "sha512-2nCrar+IHBF8avAipoO3MmZm+pe3haEM/jD+4TeDaGmrBT7CdJb/k0jQ5HomtXgsScuV3ud/GoFuv7kUDe4Vfw=="
        },
        "@types/sprintf-js": {
          "version": "1.1.2",
          "resolved": "https://registry.npmjs.org/@types/sprintf-js/-/sprintf-js-1.1.2.tgz",
          "integrity": "sha512-hkgzYF+qnIl8uTO8rmUSVSfQ8BIfMXC4yJAF4n8BE758YsKBZvFC4NumnAegj7KmylP0liEZNpb9RRGFMbFejA=="
        },
        "@types/uuid": {
          "version": "8.0.0",
          "resolved": "https://registry.npmjs.org/@types/uuid/-/uuid-8.0.0.tgz",
          "integrity": "sha512-xSQfNcvOiE5f9dyd4Kzxbof1aTrLobL278pGLKOZI6esGfZ7ts9Ka16CzIN6Y8hFHE1C7jIBZokULhK1bOgjRw=="
        },
        "iterable-operator": {
          "version": "0.10.3",
          "resolved": "https://registry.npmjs.org/iterable-operator/-/iterable-operator-0.10.3.tgz",
          "integrity": "sha512-acbiwMfDCLdO/Iw/mLARKitTYwPErikNYifqzPy8f5QGl44WqBg6ZbryiFxPwXC9qwhqEhPXBPIv1IyNZ+PyIQ=="
        },
        "mersenne-twister": {
          "version": "1.1.0",
          "resolved": "https://registry.npmjs.org/mersenne-twister/-/mersenne-twister-1.1.0.tgz",
          "integrity": "sha1-+RZhjuQ9cXnvz2Qb7EUx65Zwl4o="
        },
        "moment": {
          "version": "2.25.3",
          "resolved": "https://registry.npmjs.org/moment/-/moment-2.25.3.tgz",
          "integrity": "sha512-PuYv0PHxZvzc15Sp8ybUCoQ+xpyPWvjOuK72a5ovzp2LI32rJXOiIfyoFoYvG3s6EwwrdkMyWuRiEHSZRLJNdg=="
        },
        "rxjs": {
          "version": "6.5.5",
          "resolved": "https://registry.npmjs.org/rxjs/-/rxjs-6.5.5.tgz",
          "integrity": "sha512-WfQI+1gohdf0Dai/Bbmk5L5ItH5tYqm3ki2c5GdWhKjalzjg93N3avFjVStyZZz+A2Em+ZxKH5bNghw9UeylGQ==",
          "requires": {
            "tslib": "^1.9.0"
          }
        },
        "sprintf": {
          "version": "0.1.5",
          "resolved": "https://registry.npmjs.org/sprintf/-/sprintf-0.1.5.tgz",
          "integrity": "sha1-j4PjmpMXwaUCy324BQ5Rxnn27c8="
        },
        "sprintf-js": {
          "version": "1.1.2",
          "resolved": "https://registry.npmjs.org/sprintf-js/-/sprintf-js-1.1.2.tgz",
          "integrity": "sha512-VE0SOVEHCk7Qc8ulkWw3ntAzXuqf7S2lvwQaDLRnUeIEaKNQJzV6BwmLKhOqT61aGhfUMrXeaBk+oDGCzvhcug=="
        },
        "tslib": {
          "version": "1.11.2",
          "resolved": "https://registry.npmjs.org/tslib/-/tslib-1.11.2.tgz",
          "integrity": "sha512-tTSkux6IGPnUGUd1XAZHcpu85MOkIl5zX49pO+jfsie3eP0B6pyhOlLXm3cAC6T7s+euSDDUUV+Acop5WmtkVg=="
        },
        "typescript": {
          "version": "3.8.3",
          "resolved": "https://registry.npmjs.org/typescript/-/typescript-3.8.3.tgz",
          "integrity": "sha512-MYlEfn5VrLNsgudQTVJeNaQFUAI7DkhnOjdpAp4T+ku1TfQClewlbSuTVHiA+8skNBgaf02TL/kLOvig4y3G8w=="
        },
        "uuid": {
          "version": "8.1.0",
          "resolved": "https://registry.npmjs.org/uuid/-/uuid-8.1.0.tgz",
          "integrity": "sha512-CI18flHDznR0lq54xBycOVmphdCYnQLKn8abKn7PXUiKUGdEd+/l9LWNJmugXel4hXq7S+RMNl34ecyC9TntWg=="
        }
      }
    },
    "leaflet": {
      "version": "1.6.0",
      "resolved": "https://registry.npmjs.org/leaflet/-/leaflet-1.6.0.tgz",
      "integrity": "sha512-CPkhyqWUKZKFJ6K8umN5/D2wrJ2+/8UIpXppY7QDnUZW5bZL5+SEI2J7GBpwh4LIupOKqbNSQXgqmrEJopHVNQ=="
    },
    "mersenne-twister": {
      "version": "1.1.0",
      "resolved": "https://registry.npmjs.org/mersenne-twister/-/mersenne-twister-1.1.0.tgz",
      "integrity": "sha1-+RZhjuQ9cXnvz2Qb7EUx65Zwl4o="
    },
    "rxjs": {
      "version": "6.5.5",
      "resolved": "https://registry.npmjs.org/rxjs/-/rxjs-6.5.5.tgz",
      "integrity": "sha512-WfQI+1gohdf0Dai/Bbmk5L5ItH5tYqm3ki2c5GdWhKjalzjg93N3avFjVStyZZz+A2Em+ZxKH5bNghw9UeylGQ==",
      "requires": {
        "tslib": "^1.9.0"
      }
    },
    "sprintf-js": {
      "version": "1.1.2",
      "resolved": "https://registry.npmjs.org/sprintf-js/-/sprintf-js-1.1.2.tgz",
      "integrity": "sha512-VE0SOVEHCk7Qc8ulkWw3ntAzXuqf7S2lvwQaDLRnUeIEaKNQJzV6BwmLKhOqT61aGhfUMrXeaBk+oDGCzvhcug=="
    },
    "tslib": {
      "version": "1.13.0",
      "resolved": "https://registry.npmjs.org/tslib/-/tslib-1.13.0.tgz",
      "integrity": "sha512-i/6DQjL8Xf3be4K/E6Wgpekn5Qasl1usyw++dAA35Ue5orEn65VIxOA+YvNNl9HV3qv70T7CNwjODHZrLwvd1Q=="
    },
    "typescript": {
      "version": "3.9.5",
      "resolved": "https://registry.npmjs.org/typescript/-/typescript-3.9.5.tgz",
      "integrity": "sha512-hSAifV3k+i6lEoCJ2k6R2Z/rp/H3+8sdmcn5NrS3/3kE7+RyZXm9aqvxWqjEXHAd8b0pShatpcdMTvEdvAJltQ==",
      "dev": true
    },
    "uuid": {
      "version": "8.2.0",
      "resolved": "https://registry.npmjs.org/uuid/-/uuid-8.2.0.tgz",
      "integrity": "sha512-CYpGiFTUrmI6OBMkAdjSDM0k5h8SkkiTP4WAjQgDgNB1S3Ou9VBEvr6q0Kv2H1mMk7IWfxYGpMH5sd5AvcIV2Q=="
    }
  }
}
