PODS:
  - Alamofire (4.9.1)
  - AlamofireImage (3.6.0):
    - Alamofire (~> 4.9)
  - Cosmos (19.0.3)
  - Firebase/Analytics (6.14.0):
    - Firebase/Core
  - Firebase/Core (6.14.0):
    - Firebase/CoreOnly
    - FirebaseAnalytics (= 6.1.7)
  - Firebase/CoreOnly (6.14.0):
    - FirebaseCore (= 6.5.0)
  - Firebase/Messaging (6.14.0):
    - Firebase/CoreOnly
    - FirebaseMessaging (~> 4.1.10)
  - FirebaseAnalytics (6.1.7):
    - FirebaseCore (~> 6.5)
    - FirebaseInstanceID (~> 4.2)
    - GoogleAppMeasurement (= 6.1.7)
    - GoogleUtilities/AppDelegateSwizzler (~> 6.0)
    - GoogleUtilities/MethodSwizzler (~> 6.0)
    - GoogleUtilities/Network (~> 6.0)
    - "GoogleUtilities/NSData+zlib (~> 6.0)"
    - nanopb (= 0.3.9011)
  - FirebaseAnalyticsInterop (1.5.0)
  - FirebaseCore (6.5.0):
    - FirebaseCoreDiagnostics (~> 1.0)
    - FirebaseCoreDiagnosticsInterop (~> 1.0)
    - GoogleUtilities/Environment (~> 6.4)
    - GoogleUtilities/Logger (~> 6.4)
  - FirebaseCoreDiagnostics (1.2.0):
    - FirebaseCoreDiagnosticsInterop (~> 1.2)
    - GoogleDataTransportCCTSupport (~> 1.3)
    - GoogleUtilities/Environment (~> 6.5)
    - GoogleUtilities/Logger (~> 6.5)
    - nanopb (~> 0.3.901)
  - FirebaseCoreDiagnosticsInterop (1.2.0)
  - FirebaseInstanceID (4.2.8):
    - FirebaseCore (~> 6.5)
    - GoogleUtilities/Environment (~> 6.4)
    - GoogleUtilities/UserDefaults (~> 6.4)
  - FirebaseMessaging (4.1.10):
    - FirebaseAnalyticsInterop (~> 1.3)
    - FirebaseCore (~> 6.2)
    - FirebaseInstanceID (~> 4.1)
    - GoogleUtilities/AppDelegateSwizzler (~> 6.2)
    - GoogleUtilities/Environment (~> 6.2)
    - GoogleUtilities/Reachability (~> 6.2)
    - GoogleUtilities/UserDefaults (~> 6.2)
    - Protobuf (>= 3.9.2, ~> 3.9)
  - GoogleAppMeasurement (6.1.7):
    - GoogleUtilities/AppDelegateSwizzler (~> 6.0)
    - GoogleUtilities/MethodSwizzler (~> 6.0)
    - GoogleUtilities/Network (~> 6.0)
    - "GoogleUtilities/NSData+zlib (~> 6.0)"
    - nanopb (= 0.3.9011)
  - GoogleDataTransport (3.3.0)
  - GoogleDataTransportCCTSupport (1.3.0):
    - GoogleDataTransport (~> 3.3)
    - nanopb (~> 0.3.901)
  - GoogleUtilities/AppDelegateSwizzler (6.5.0):
    - GoogleUtilities/Environment
    - GoogleUtilities/Logger
    - GoogleUtilities/Network
  - GoogleUtilities/Environment (6.5.0)
  - GoogleUtilities/Logger (6.5.0):
    - GoogleUtilities/Environment
  - GoogleUtilities/MethodSwizzler (6.5.0):
    - GoogleUtilities/Logger
  - GoogleUtilities/Network (6.5.0):
    - GoogleUtilities/Logger
    - "GoogleUtilities/NSData+zlib"
    - GoogleUtilities/Reachability
  - "GoogleUtilities/NSData+zlib (6.5.0)"
  - GoogleUtilities/Reachability (6.5.0):
    - GoogleUtilities/Logger
  - GoogleUtilities/UserDefaults (6.5.0):
    - GoogleUtilities/Logger
  - KeychainAccess (4.1.0)
  - Kwift (0.1.0):
    - Alamofire
    - AlamofireImage
    - Cosmos (~> 19.0)
    - KeychainAccess
    - RxRelay
    - RxSwift
    - SearchTextField
    - "UITextView+Placeholder"
  - nanopb (0.3.9011):
    - nanopb/decode (= 0.3.9011)
    - nanopb/encode (= 0.3.9011)
  - nanopb/decode (0.3.9011)
  - nanopb/encode (0.3.9011)
  - Protobuf (3.11.2)
  - RxRelay (5.0.1):
    - RxSwift (~> 5)
  - RxSwift (5.0.1)
  - SearchTextField (1.2.4)
  - "UITextView+Placeholder (1.3.3)"

DEPENDENCIES:
  - Firebase/Analytics
  - Firebase/Messaging
  - Kwift (from `~/StudioProjects/kwift/kwift.podspec`)

SPEC REPOS:
  trunk:
    - Alamofire
    - AlamofireImage
    - Cosmos
    - Firebase
    - FirebaseAnalytics
    - FirebaseAnalyticsInterop
    - FirebaseCore
    - FirebaseCoreDiagnostics
    - FirebaseCoreDiagnosticsInterop
    - FirebaseInstanceID
    - FirebaseMessaging
    - GoogleAppMeasurement
    - GoogleDataTransport
    - GoogleDataTransportCCTSupport
    - GoogleUtilities
    - KeychainAccess
    - nanopb
    - Protobuf
    - RxRelay
    - RxSwift
    - SearchTextField
    - "UITextView+Placeholder"

EXTERNAL SOURCES:
  Kwift:
    :path: "~/StudioProjects/kwift/kwift.podspec"

SPEC CHECKSUMS:
  Alamofire: 85e8a02c69d6020a0d734f6054870d7ecb75cf18
  AlamofireImage: be9963c6582d68b39e89191f64c82a7d7bf40fdd
  Cosmos: a6fb17284281fa12cf4c85c2efecd440a215ec44
  Firebase: 0219bb4782eb1406f1b9b0628a2e625484ce910d
  FirebaseAnalytics: f68b9f3f1241385129ae0a83b63627fc420c05e5
  FirebaseAnalyticsInterop: 3f86269c38ae41f47afeb43ebf32a001f58fcdae
  FirebaseCore: 632e05cc5e1199d9147122c16d92305eb04c34bd
  FirebaseCoreDiagnostics: 5e78803ab276bc5b50340e3c539c06c3de35c649
  FirebaseCoreDiagnosticsInterop: 296e2c5f5314500a850ad0b83e9e7c10b011a850
  FirebaseInstanceID: ce993a3c3670a8f5d47ce371ac5d143c560608c5
  FirebaseMessaging: 089b7a4991425783384acc8bcefcd78c0af913bd
  GoogleAppMeasurement: db118eb61a97dd8c4f7014e368d3c335cbbcf80a
  GoogleDataTransport: 574a983e829327d7c18f2627f65d9e80164ea8a4
  GoogleDataTransportCCTSupport: cad3cd6cdbdbad6b5c2c9206ec413402755faaaa
  GoogleUtilities: f8de7ddf8c706f58e9b405d53e38bbdaa2731e5a
  KeychainAccess: 445e28864fe6d3458b41fa211bcdc39890e8bd5a
  Kwift: 942bde9b3b3053e92b82629ed760f41396fb3666
  nanopb: 18003b5e52dab79db540fe93fe9579f399bd1ccd
  Protobuf: dd1aaea7140debfe4dd0683fb8ef208e527ae153
  RxRelay: 89d54507f4fd4d969e6ec1d4bd7f3673640b4640
  RxSwift: e2dc62b366a3adf6a0be44ba9f405efd4c94e0c4
  SearchTextField: 40dc3cc57def5a211f263cac263622c163bbc25a
  "UITextView+Placeholder": c407b27599ea23cca425946fee3cf1db5d547008

PODFILE CHECKSUM: d8550ce638a749e8b1561d29d02465f836addf03

COCOAPODS: 1.8.4
